{
  "version": "4",
  "specifiers": {
    "npm:@fontsource/fira-mono@5": "5.1.1",
    "npm:@neoconfetti/svelte@2": "2.2.1",
    "npm:@sveltejs/adapter-node@^5.2.12": "5.2.12_@sveltejs+kit@2.16.1__@sveltejs+vite-plugin-svelte@4.0.4___svelte@5.19.6____acorn@8.14.0___vite@5.4.14__svelte@5.19.6___acorn@8.14.0__vite@5.4.14_rollup@4.34.0_@sveltejs+vite-plugin-svelte@4.0.4__svelte@5.19.6___acorn@8.14.0__vite@5.4.14_svelte@5.19.6__acorn@8.14.0_vite@5.4.14",
    "npm:@sveltejs/kit@2": "2.16.1_@sveltejs+vite-plugin-svelte@4.0.4__svelte@5.19.6___acorn@8.14.0__vite@5.4.14_svelte@5.19.6__acorn@8.14.0_vite@5.4.14",
    "npm:@sveltejs/vite-plugin-svelte@4": "4.0.4_svelte@5.19.6__acorn@8.14.0_vite@5.4.14",
    "npm:@types/deno@2": "2.0.0",
    "npm:svelte-check@4": "4.1.4_svelte@5.19.6__acorn@8.14.0_typescript@5.7.3",
    "npm:svelte@5": "5.19.6_acorn@8.14.0",
    "npm:typescript@5": "5.7.3",
    "npm:vite@^5.0.3": "5.4.14"
  },
  "npm": {
    "@ampproject/remapping@2.3.0": {
      "integrity": "sha512-30iZtAPgz+LTIYoeivqYo853f02jBYSd5uGnGpkFV0M3xOt9aN73erkgYAmZU43x4VfqcnLxW9Kpg3R5LC4YYw==",
      "dependencies": [
        "@jridgewell/gen-mapping",
        "@jridgewell/trace-mapping"
      ]
    },
    "@esbuild/aix-ppc64@0.21.5": {
      "integrity": "sha512-1SDgH6ZSPTlggy1yI6+Dbkiz8xzpHJEVAlF/AM1tHPLsf5STom9rwtjE4hKAF20FfXXNTFqEYXyJNWh1GiZedQ=="
    },
    "@esbuild/android-arm64@0.21.5": {
      "integrity": "sha512-c0uX9VAUBQ7dTDCjq+wdyGLowMdtR/GoC2U5IYk/7D1H1JYC0qseD7+11iMP2mRLN9RcCMRcjC4YMclCzGwS/A=="
    },
    "@esbuild/android-arm@0.21.5": {
      "integrity": "sha512-vCPvzSjpPHEi1siZdlvAlsPxXl7WbOVUBBAowWug4rJHb68Ox8KualB+1ocNvT5fjv6wpkX6o/iEpbDrf68zcg=="
    },
    "@esbuild/android-x64@0.21.5": {
      "integrity": "sha512-D7aPRUUNHRBwHxzxRvp856rjUHRFW1SdQATKXH2hqA0kAZb1hKmi02OpYRacl0TxIGz/ZmXWlbZgjwWYaCakTA=="
    },
    "@esbuild/darwin-arm64@0.21.5": {
      "integrity": "sha512-DwqXqZyuk5AiWWf3UfLiRDJ5EDd49zg6O9wclZ7kUMv2WRFr4HKjXp/5t8JZ11QbQfUS6/cRCKGwYhtNAY88kQ=="
    },
    "@esbuild/darwin-x64@0.21.5": {
      "integrity": "sha512-se/JjF8NlmKVG4kNIuyWMV/22ZaerB+qaSi5MdrXtd6R08kvs2qCN4C09miupktDitvh8jRFflwGFBQcxZRjbw=="
    },
    "@esbuild/freebsd-arm64@0.21.5": {
      "integrity": "sha512-5JcRxxRDUJLX8JXp/wcBCy3pENnCgBR9bN6JsY4OmhfUtIHe3ZW0mawA7+RDAcMLrMIZaf03NlQiX9DGyB8h4g=="
    },
    "@esbuild/freebsd-x64@0.21.5": {
      "integrity": "sha512-J95kNBj1zkbMXtHVH29bBriQygMXqoVQOQYA+ISs0/2l3T9/kj42ow2mpqerRBxDJnmkUDCaQT/dfNXWX/ZZCQ=="
    },
    "@esbuild/linux-arm64@0.21.5": {
      "integrity": "sha512-ibKvmyYzKsBeX8d8I7MH/TMfWDXBF3db4qM6sy+7re0YXya+K1cem3on9XgdT2EQGMu4hQyZhan7TeQ8XkGp4Q=="
    },
    "@esbuild/linux-arm@0.21.5": {
      "integrity": "sha512-bPb5AHZtbeNGjCKVZ9UGqGwo8EUu4cLq68E95A53KlxAPRmUyYv2D6F0uUI65XisGOL1hBP5mTronbgo+0bFcA=="
    },
    "@esbuild/linux-ia32@0.21.5": {
      "integrity": "sha512-YvjXDqLRqPDl2dvRODYmmhz4rPeVKYvppfGYKSNGdyZkA01046pLWyRKKI3ax8fbJoK5QbxblURkwK/MWY18Tg=="
    },
    "@esbuild/linux-loong64@0.21.5": {
      "integrity": "sha512-uHf1BmMG8qEvzdrzAqg2SIG/02+4/DHB6a9Kbya0XDvwDEKCoC8ZRWI5JJvNdUjtciBGFQ5PuBlpEOXQj+JQSg=="
    },
    "@esbuild/linux-mips64el@0.21.5": {
      "integrity": "sha512-IajOmO+KJK23bj52dFSNCMsz1QP1DqM6cwLUv3W1QwyxkyIWecfafnI555fvSGqEKwjMXVLokcV5ygHW5b3Jbg=="
    },
    "@esbuild/linux-ppc64@0.21.5": {
      "integrity": "sha512-1hHV/Z4OEfMwpLO8rp7CvlhBDnjsC3CttJXIhBi+5Aj5r+MBvy4egg7wCbe//hSsT+RvDAG7s81tAvpL2XAE4w=="
    },
    "@esbuild/linux-riscv64@0.21.5": {
      "integrity": "sha512-2HdXDMd9GMgTGrPWnJzP2ALSokE/0O5HhTUvWIbD3YdjME8JwvSCnNGBnTThKGEB91OZhzrJ4qIIxk/SBmyDDA=="
    },
    "@esbuild/linux-s390x@0.21.5": {
      "integrity": "sha512-zus5sxzqBJD3eXxwvjN1yQkRepANgxE9lgOW2qLnmr8ikMTphkjgXu1HR01K4FJg8h1kEEDAqDcZQtbrRnB41A=="
    },
    "@esbuild/linux-x64@0.21.5": {
      "integrity": "sha512-1rYdTpyv03iycF1+BhzrzQJCdOuAOtaqHTWJZCWvijKD2N5Xu0TtVC8/+1faWqcP9iBCWOmjmhoH94dH82BxPQ=="
    },
    "@esbuild/netbsd-x64@0.21.5": {
      "integrity": "sha512-Woi2MXzXjMULccIwMnLciyZH4nCIMpWQAs049KEeMvOcNADVxo0UBIQPfSmxB3CWKedngg7sWZdLvLczpe0tLg=="
    },
    "@esbuild/openbsd-x64@0.21.5": {
      "integrity": "sha512-HLNNw99xsvx12lFBUwoT8EVCsSvRNDVxNpjZ7bPn947b8gJPzeHWyNVhFsaerc0n3TsbOINvRP2byTZ5LKezow=="
    },
    "@esbuild/sunos-x64@0.21.5": {
      "integrity": "sha512-6+gjmFpfy0BHU5Tpptkuh8+uw3mnrvgs+dSPQXQOv3ekbordwnzTVEb4qnIvQcYXq6gzkyTnoZ9dZG+D4garKg=="
    },
    "@esbuild/win32-arm64@0.21.5": {
      "integrity": "sha512-Z0gOTd75VvXqyq7nsl93zwahcTROgqvuAcYDUr+vOv8uHhNSKROyU961kgtCD1e95IqPKSQKH7tBTslnS3tA8A=="
    },
    "@esbuild/win32-ia32@0.21.5": {
      "integrity": "sha512-SWXFF1CL2RVNMaVs+BBClwtfZSvDgtL//G/smwAc5oVK/UPu2Gu9tIaRgFmYFFKrmg3SyAjSrElf0TiJ1v8fYA=="
    },
    "@esbuild/win32-x64@0.21.5": {
      "integrity": "sha512-tQd/1efJuzPC6rCFwEvLtci/xNFcTZknmXs98FYDfGE4wP9ClFV98nyKrzJKVPMhdDnjzLhdUyMX4PsQAPjwIw=="
    },
    "@fontsource/fira-mono@5.1.1": {
      "integrity": "sha512-JDZUQuQQFTvPJgwOftXg44LOa7XYNqwTHHquEpi8rY6SK8m7Q5rWxmMX7nUOvRF2g+jc02mqmK2Y+WmviF9+VQ=="
    },
    "@jridgewell/gen-mapping@0.3.8": {
      "integrity": "sha512-imAbBGkb+ebQyxKgzv5Hu2nmROxoDOXHh80evxdoXNOrvAnVx7zimzc1Oo5h9RlfV4vPXaE2iM5pOFbvOCClWA==",
      "dependencies": [
        "@jridgewell/set-array",
        "@jridgewell/sourcemap-codec",
        "@jridgewell/trace-mapping"
      ]
    },
    "@jridgewell/resolve-uri@3.1.2": {
      "integrity": "sha512-bRISgCIjP20/tbWSPWMEi54QVPRZExkuD9lJL+UIxUKtwVJA8wW1Trb1jMs1RFXo1CBTNZ/5hpC9QvmKWdopKw=="
    },
    "@jridgewell/set-array@1.2.1": {
      "integrity": "sha512-R8gLRTZeyp03ymzP/6Lil/28tGeGEzhx1q2k703KGWRAI1VdvPIXdG70VJc2pAMw3NA6JKL5hhFu1sJX0Mnn/A=="
    },
    "@jridgewell/sourcemap-codec@1.5.0": {
      "integrity": "sha512-gv3ZRaISU3fjPAgNsriBRqGWQL6quFx04YMPW/zD8XMLsU32mhCCbfbO6KZFLjvYpCZ8zyDEgqsgf+PwPaM7GQ=="
    },
    "@jridgewell/trace-mapping@0.3.25": {
      "integrity": "sha512-vNk6aEwybGtawWmy/PzwnGDOjCkLWSD2wqvjGGAgOAwCGWySYXfYoxt00IJkTF+8Lb57DwOb3Aa0o9CApepiYQ==",
      "dependencies": [
        "@jridgewell/resolve-uri",
        "@jridgewell/sourcemap-codec"
      ]
    },
    "@neoconfetti/svelte@2.2.1": {
      "integrity": "sha512-2Ts0Rxaf6clW2qG+AKhTwpl01AAyZEAe03XeuQ7Vp+qYIaM3ycuI94j546fmEkUxwACwGI3Zl2cZ/pncTuNcJg=="
    },
    "@polka/url@1.0.0-next.28": {
      "integrity": "sha512-8LduaNlMZGwdZ6qWrKlfa+2M4gahzFkprZiAt2TF8uS0qQgBizKXpXURqvTJ4WtmupWxaLqjRb2UCTe72mu+Aw=="
    },
    "@rollup/plugin-commonjs@28.0.2_rollup@4.34.0_picomatch@4.0.2": {
      "integrity": "sha512-BEFI2EDqzl+vA1rl97IDRZ61AIwGH093d9nz8+dThxJNH8oSoB7MjWvPCX3dkaK1/RCJ/1v/R1XB15FuSs0fQw==",
      "dependencies": [
        "@rollup/pluginutils",
        "commondir",
        "estree-walker",
        "fdir@6.4.3_picomatch@4.0.2",
        "is-reference@1.2.1",
        "magic-string",
        "picomatch",
        "rollup"
      ]
    },
    "@rollup/plugin-json@6.1.0_rollup@4.34.0": {
      "integrity": "sha512-EGI2te5ENk1coGeADSIwZ7G2Q8CJS2sF120T7jLw4xFw9n7wIOXHo+kIYRAoVpJAN+kmqZSoO3Fp4JtoNF4ReA==",
      "dependencies": [
        "@rollup/pluginutils",
        "rollup"
      ]
    },
    "@rollup/plugin-node-resolve@16.0.0_rollup@4.34.0": {
      "integrity": "sha512-0FPvAeVUT/zdWoO0jnb/V5BlBsUSNfkIOtFHzMO4H9MOklrmQFY6FduVHKucNb/aTFxvnGhj4MNj/T1oNdDfNg==",
      "dependencies": [
        "@rollup/pluginutils",
        "@types/resolve",
        "deepmerge",
        "is-module",
        "resolve",
        "rollup"
      ]
    },
    "@rollup/pluginutils@5.1.4_rollup@4.34.0": {
      "integrity": "sha512-USm05zrsFxYLPdWWq+K3STlWiT/3ELn3RcV5hJMghpeAIhxfsUIg6mt12CBJBInWMV4VneoV7SfGv8xIwo2qNQ==",
      "dependencies": [
        "@types/estree",
        "estree-walker",
        "picomatch",
        "rollup"
      ]
    },
    "@rollup/rollup-android-arm-eabi@4.34.0": {
      "integrity": "sha512-Eeao7ewDq79jVEsrtWIj5RNqB8p2knlm9fhR6uJ2gqP7UfbLrTrxevudVrEPDM7Wkpn/HpRC2QfazH7MXLz3vQ=="
    },
    "@rollup/rollup-android-arm64@4.34.0": {
      "integrity": "sha512-yVh0Kf1f0Fq4tWNf6mWcbQBCLDpDrDEl88lzPgKhrgTcDrTtlmun92ywEF9dCjmYO3EFiSuJeeo9cYRxl2FswA=="
    },
    "@rollup/rollup-darwin-arm64@4.34.0": {
      "integrity": "sha512-gCs0ErAZ9s0Osejpc3qahTsqIPUDjSKIyxK/0BGKvL+Tn0n3Kwvj8BrCv7Y5sR1Ypz1K2qz9Ny0VvkVyoXBVUQ=="
    },
    "@rollup/rollup-darwin-x64@4.34.0": {
      "integrity": "sha512-aIB5Anc8hngk15t3GUkiO4pv42ykXHfmpXGS+CzM9CTyiWyT8HIS5ygRAy7KcFb/wiw4Br+vh1byqcHRTfq2tQ=="
    },
    "@rollup/rollup-freebsd-arm64@4.34.0": {
      "integrity": "sha512-kpdsUdMlVJMRMaOf/tIvxk8TQdzHhY47imwmASOuMajg/GXpw8GKNd8LNwIHE5Yd1onehNpcUB9jHY6wgw9nHQ=="
    },
    "@rollup/rollup-freebsd-x64@4.34.0": {
      "integrity": "sha512-D0RDyHygOBCQiqookcPevrvgEarN0CttBecG4chOeIYCNtlKHmf5oi5kAVpXV7qs0Xh/WO2RnxeicZPtT50V0g=="
    },
    "@rollup/rollup-linux-arm-gnueabihf@4.34.0": {
      "integrity": "sha512-mCIw8j5LPDXmCOW8mfMZwT6F/Kza03EnSr4wGYEswrEfjTfVsFOxvgYfuRMxTuUF/XmRb9WSMD5GhCWDe2iNrg=="
    },
    "@rollup/rollup-linux-arm-musleabihf@4.34.0": {
      "integrity": "sha512-AwwldAu4aCJPob7zmjuDUMvvuatgs8B/QiVB0KwkUarAcPB3W+ToOT+18TQwY4z09Al7G0BvCcmLRop5zBLTag=="
    },
    "@rollup/rollup-linux-arm64-gnu@4.34.0": {
      "integrity": "sha512-e7kDUGVP+xw05pV65ZKb0zulRploU3gTu6qH1qL58PrULDGxULIS0OSDQJLH7WiFnpd3ZKUU4VM3u/Z7Zw+e7Q=="
    },
    "@rollup/rollup-linux-arm64-musl@4.34.0": {
      "integrity": "sha512-SXYJw3zpwHgaBqTXeAZ31qfW/v50wq4HhNVvKFhRr5MnptRX2Af4KebLWR1wpxGJtLgfS2hEPuALRIY3LPAAcA=="
    },
    "@rollup/rollup-linux-loongarch64-gnu@4.34.0": {
      "integrity": "sha512-e5XiCinINCI4RdyU3sFyBH4zzz7LiQRvHqDtRe9Dt8o/8hTBaYpdPimayF00eY2qy5j4PaaWK0azRgUench6WQ=="
    },
    "@rollup/rollup-linux-powerpc64le-gnu@4.34.0": {
      "integrity": "sha512-3SWN3e0bAsm9ToprLFBSro8nJe6YN+5xmB11N4FfNf92wvLye/+Rh5JGQtKOpwLKt6e61R1RBc9g+luLJsc23A=="
    },
    "@rollup/rollup-linux-riscv64-gnu@4.34.0": {
      "integrity": "sha512-B1Oqt3GLh7qmhvfnc2WQla4NuHlcxAD5LyueUi5WtMc76ZWY+6qDtQYqnxARx9r+7mDGfamD+8kTJO0pKUJeJA=="
    },
    "@rollup/rollup-linux-s390x-gnu@4.34.0": {
      "integrity": "sha512-UfUCo0h/uj48Jq2lnhX0AOhZPSTAq3Eostas+XZ+GGk22pI+Op1Y6cxQ1JkUuKYu2iU+mXj1QjPrZm9nNWV9rg=="
    },
    "@rollup/rollup-linux-x64-gnu@4.34.0": {
      "integrity": "sha512-chZLTUIPbgcpm+Z7ALmomXW8Zh+wE2icrG+K6nt/HenPLmtwCajhQC5flNSk1Xy5EDMt/QAOz2MhzfOfJOLSiA=="
    },
    "@rollup/rollup-linux-x64-musl@4.34.0": {
      "integrity": "sha512-jo0UolK70O28BifvEsFD/8r25shFezl0aUk2t0VJzREWHkq19e+pcLu4kX5HiVXNz5qqkD+aAq04Ct8rkxgbyQ=="
    },
    "@rollup/rollup-win32-arm64-msvc@4.34.0": {
      "integrity": "sha512-Vmg0NhAap2S54JojJchiu5An54qa6t/oKT7LmDaWggpIcaiL8WcWHEN6OQrfTdL6mQ2GFyH7j2T5/3YPEDOOGA=="
    },
    "@rollup/rollup-win32-ia32-msvc@4.34.0": {
      "integrity": "sha512-CV2aqhDDOsABKHKhNcs1SZFryffQf8vK2XrxP6lxC99ELZAdvsDgPklIBfd65R8R+qvOm1SmLaZ/Fdq961+m7A=="
    },
    "@rollup/rollup-win32-x64-msvc@4.34.0": {
      "integrity": "sha512-g2ASy1QwHP88y5KWvblUolJz9rN+i4ZOsYzkEwcNfaNooxNUXG+ON6F5xFo0NIItpHqxcdAyls05VXpBnludGw=="
    },
    "@sveltejs/adapter-node@5.2.12_@sveltejs+kit@2.16.1__@sveltejs+vite-plugin-svelte@4.0.4___svelte@5.19.6____acorn@8.14.0___vite@5.4.14__svelte@5.19.6___acorn@8.14.0__vite@5.4.14_rollup@4.34.0_@sveltejs+vite-plugin-svelte@4.0.4__svelte@5.19.6___acorn@8.14.0__vite@5.4.14_svelte@5.19.6__acorn@8.14.0_vite@5.4.14": {
      "integrity": "sha512-0bp4Yb3jKIEcZWVcJC/L1xXp9zzJS4hDwfb4VITAkfT4OVdkspSHsx7YhqJDbb2hgLl6R9Vs7VQR+fqIVOxPUQ==",
      "dependencies": [
        "@rollup/plugin-commonjs",
        "@rollup/plugin-json",
        "@rollup/plugin-node-resolve",
        "@sveltejs/kit",
        "rollup"
      ]
    },
    "@sveltejs/kit@2.16.1_@sveltejs+vite-plugin-svelte@4.0.4__svelte@5.19.6___acorn@8.14.0__vite@5.4.14_svelte@5.19.6__acorn@8.14.0_vite@5.4.14": {
      "integrity": "sha512-2pF5sgGJx9brYZ/9nNDYnh5KX0JguPF14dnvvtf/MqrvlWrDj/e7Rk3LBJPecFLLK1GRs6ZniD24gFPqZm/NFw==",
      "dependencies": [
        "@sveltejs/vite-plugin-svelte",
        "@types/cookie",
        "cookie",
        "devalue",
        "esm-env",
        "import-meta-resolve",
        "kleur",
        "magic-string",
        "mrmime",
        "sade",
        "set-cookie-parser",
        "sirv",
        "svelte",
        "vite"
      ]
    },
    "@sveltejs/vite-plugin-svelte-inspector@3.0.1_@sveltejs+vite-plugin-svelte@4.0.4__svelte@5.19.6___acorn@8.14.0__vite@5.4.14_svelte@5.19.6__acorn@8.14.0_vite@5.4.14": {
      "integrity": "sha512-2CKypmj1sM4GE7HjllT7UKmo4Q6L5xFRd7VMGEWhYnZ+wc6AUVU01IBd7yUi6WnFndEwWoMNOd6e8UjoN0nbvQ==",
      "dependencies": [
        "@sveltejs/vite-plugin-svelte",
        "debug",
        "svelte",
        "vite"
      ]
    },
    "@sveltejs/vite-plugin-svelte@4.0.4_svelte@5.19.6__acorn@8.14.0_vite@5.4.14": {
      "integrity": "sha512-0ba1RQ/PHen5FGpdSrW7Y3fAMQjrXantECALeOiOdBdzR5+5vPP6HVZRLmZaQL+W8m++o+haIAKq5qT+MiZ7VA==",
      "dependencies": [
        "@sveltejs/vite-plugin-svelte-inspector",
        "debug",
        "deepmerge",
        "kleur",
        "magic-string",
        "svelte",
        "vite",
        "vitefu"
      ]
    },
    "@types/cookie@0.6.0": {
      "integrity": "sha512-4Kh9a6B2bQciAhf7FSuMRRkUWecJgJu9nPnx3yzpsfXX/c50REIqpHY4C82bXP90qrLtXtkDxTZosYO3UpOwlA=="
    },
    "@types/deno@2.0.0": {
      "integrity": "sha512-O9/jRVlq93kqfkl4sYR5N7+Pz4ukzXVIbMnE/VgvpauNHsvjQ9iBVnJ3X0gAvMa2khcoFD8DSO7mQVCuiuDMPg=="
    },
    "@types/estree@1.0.6": {
      "integrity": "sha512-AYnb1nQyY49te+VRAVgmzfcgjYS91mY5P0TKUDCLEM+gNnA+3T6rWITXRLYCpahpqSQbN5cE+gHpnPyXjHWxcw=="
    },
    "@types/resolve@1.20.2": {
      "integrity": "sha512-60BCwRFOZCQhDncwQdxxeOEEkbc5dIMccYLwbxsS4TUNeVECQ/pBJ0j09mrHOl/JJvpRPGwO9SvE4nR2Nb/a4Q=="
    },
    "acorn-typescript@1.4.13_acorn@8.14.0": {
      "integrity": "sha512-xsc9Xv0xlVfwp2o7sQ+GCQ1PgbkdcpWdTzrwXxO3xDMTAywVS3oXVOcOHuRjAPkS4P9b+yc/qNF15460v+jp4Q==",
      "dependencies": [
        "acorn"
      ]
    },
    "acorn@8.14.0": {
      "integrity": "sha512-cl669nCJTZBsL97OF4kUQm5g5hC2uihk0NxY3WENAC0TYdILVkAyHymAntgxGkl7K+t0cXIrH5siy5S4XkFycA=="
    },
    "aria-query@5.3.2": {
      "integrity": "sha512-COROpnaoap1E2F000S62r6A60uHZnmlvomhfyT2DlTcrY1OrBKn2UhH7qn5wTC9zMvD0AY7csdPSNwKP+7WiQw=="
    },
    "axobject-query@4.1.0": {
      "integrity": "sha512-qIj0G9wZbMGNLjLmg1PT6v2mE9AH2zlnADJD/2tC6E00hgmhUOfEB6greHPAfLRSufHqROIUTkw6E+M3lH0PTQ=="
    },
    "chokidar@4.0.3": {
      "integrity": "sha512-Qgzu8kfBvo+cA4962jnP1KkS6Dop5NS6g7R5LFYJr4b8Ub94PPQXUksCw9PvXoeXPRRddRNC5C1JQUR2SMGtnA==",
      "dependencies": [
        "readdirp"
      ]
    },
    "clsx@2.1.1": {
      "integrity": "sha512-eYm0QWBtUrBWZWG0d386OGAw16Z995PiOVo2B7bjWSbHedGl5e0ZWaq65kOGgUSNesEIDkB9ISbTg/JK9dhCZA=="
    },
    "commondir@1.0.1": {
      "integrity": "sha512-W9pAhw0ja1Edb5GVdIF1mjZw/ASI0AlShXM83UUGe2DVr5TdAPEA1OA8m/g8zWp9x6On7gqufY+FatDbC3MDQg=="
    },
    "cookie@0.6.0": {
      "integrity": "sha512-U71cyTamuh1CRNCfpGY6to28lxvNwPG4Guz/EVjgf3Jmzv0vlDp1atT9eS5dDjMYHucpHbWns6Lwf3BKz6svdw=="
    },
    "debug@4.4.0": {
      "integrity": "sha512-6WTZ/IxCY/T6BALoZHaE4ctp9xm+Z5kY/pzYaCHRFeyVhojxlrm+46y68HA6hr0TcwEssoxNiDEUJQjfPZ/RYA==",
      "dependencies": [
        "ms"
      ]
    },
    "deepmerge@4.3.1": {
      "integrity": "sha512-3sUqbMEc77XqpdNO7FRyRog+eW3ph+GYCbj+rK+uYyRMuwsVy0rMiVtPn+QJlKFvWP/1PYpapqYn0Me2knFn+A=="
    },
    "devalue@5.1.1": {
      "integrity": "sha512-maua5KUiapvEwiEAe+XnlZ3Rh0GD+qI1J/nb9vrJc3muPXvcF/8gXYTWF76+5DAqHyDUtOIImEuo0YKE9mshVw=="
    },
    "esbuild@0.21.5": {
      "integrity": "sha512-mg3OPMV4hXywwpoDxu3Qda5xCKQi+vCTZq8S9J/EpkhB2HzKXq4SNFZE3+NK93JYxc8VMSep+lOUSC/RVKaBqw==",
      "dependencies": [
        "@esbuild/aix-ppc64",
        "@esbuild/android-arm",
        "@esbuild/android-arm64",
        "@esbuild/android-x64",
        "@esbuild/darwin-arm64",
        "@esbuild/darwin-x64",
        "@esbuild/freebsd-arm64",
        "@esbuild/freebsd-x64",
        "@esbuild/linux-arm",
        "@esbuild/linux-arm64",
        "@esbuild/linux-ia32",
        "@esbuild/linux-loong64",
        "@esbuild/linux-mips64el",
        "@esbuild/linux-ppc64",
        "@esbuild/linux-riscv64",
        "@esbuild/linux-s390x",
        "@esbuild/linux-x64",
        "@esbuild/netbsd-x64",
        "@esbuild/openbsd-x64",
        "@esbuild/sunos-x64",
        "@esbuild/win32-arm64",
        "@esbuild/win32-ia32",
        "@esbuild/win32-x64"
      ]
    },
    "esm-env@1.2.2": {
      "integrity": "sha512-Epxrv+Nr/CaL4ZcFGPJIYLWFom+YeV1DqMLHJoEd9SYRxNbaFruBwfEX/kkHUJf55j2+TUbmDcmuilbP1TmXHA=="
    },
    "esrap@1.4.3": {
      "integrity": "sha512-Xddc1RsoFJ4z9nR7W7BFaEPIp4UXoeQ0+077UdWLxbafMQFyU79sQJMk7kxNgRwQ9/aVgaKacCHC2pUACGwmYw==",
      "dependencies": [
        "@jridgewell/sourcemap-codec"
      ]
    },
    "estree-walker@2.0.2": {
      "integrity": "sha512-Rfkk/Mp/DL7JVje3u18FxFujQlTNR2q6QfMSMB7AvCBx91NGj/ba3kCfza0f6dVDbw7YlRf/nDrn7pQrCCyQ/w=="
    },
    "fdir@6.4.3": {
      "integrity": "sha512-PMXmW2y1hDDfTSRc9gaXIuCCRpuoz3Kaz8cUelp3smouvfT632ozg2vrT6lJsHKKOF59YLbOGfAWGUcKEfRMQw=="
    },
    "fdir@6.4.3_picomatch@4.0.2": {
      "integrity": "sha512-PMXmW2y1hDDfTSRc9gaXIuCCRpuoz3Kaz8cUelp3smouvfT632ozg2vrT6lJsHKKOF59YLbOGfAWGUcKEfRMQw==",
      "dependencies": [
        "picomatch"
      ]
    },
    "fsevents@2.3.3": {
      "integrity": "sha512-5xoDfX+fL7faATnagmWPpbFtwh/R77WmMMqqHGS65C3vvB0YHrgF+B1YmZ3441tMj5n63k0212XNoJwzlhffQw=="
    },
    "function-bind@1.1.2": {
      "integrity": "sha512-7XHNxH7qX9xG5mIwxkhumTox/MIRNcOgDrxWsMt2pAr23WHp6MrRlN7FBSFpCpr+oVO0F744iUgR82nJMfG2SA=="
    },
    "hasown@2.0.2": {
      "integrity": "sha512-0hJU9SCPvmMzIBdZFqNPXWa6dqh7WdH0cII9y+CyS8rG3nL48Bclra9HmKhVVUHyPWNH5Y7xDwAB7bfgSjkUMQ==",
      "dependencies": [
        "function-bind"
      ]
    },
    "import-meta-resolve@4.1.0": {
      "integrity": "sha512-I6fiaX09Xivtk+THaMfAwnA3MVA5Big1WHF1Dfx9hFuvNIWpXnorlkzhcQf6ehrqQiiZECRt1poOAkPmer3ruw=="
    },
    "is-core-module@2.16.1": {
      "integrity": "sha512-UfoeMA6fIJ8wTYFEUjelnaGI67v6+N7qXJEvQuIGa99l4xsCruSYOVSQ0uPANn4dAzm8lkYPaKLrrijLq7x23w==",
      "dependencies": [
        "hasown"
      ]
    },
    "is-module@1.0.0": {
      "integrity": "sha512-51ypPSPCoTEIN9dy5Oy+h4pShgJmPCygKfyRCISBI+JoWT/2oJvK8QPxmwv7b/p239jXrm9M1mlQbyKJ5A152g=="
    },
    "is-reference@1.2.1": {
      "integrity": "sha512-U82MsXXiFIrjCK4otLT+o2NA2Cd2g5MLoOVXUZjIOhLurrRxpEXzI8O0KZHr3IjLvlAH1kTPYSuqer5T9ZVBKQ==",
      "dependencies": [
        "@types/estree"
      ]
    },
    "is-reference@3.0.3": {
      "integrity": "sha512-ixkJoqQvAP88E6wLydLGGqCJsrFUnqoH6HnaczB8XmDH1oaWU+xxdptvikTgaEhtZ53Ky6YXiBuUI2WXLMCwjw==",
      "dependencies": [
        "@types/estree"
      ]
    },
    "kleur@4.1.5": {
      "integrity": "sha512-o+NO+8WrRiQEE4/7nwRJhN1HWpVmJm511pBHUxPLtp0BUISzlBplORYSmTclCnJvQq2tKu/sgl3xVpkc7ZWuQQ=="
    },
    "locate-character@3.0.0": {
      "integrity": "sha512-SW13ws7BjaeJ6p7Q6CO2nchbYEc3X3J6WrmTTDto7yMPqVSZTUyY5Tjbid+Ab8gLnATtygYtiDIJGQRRn2ZOiA=="
    },
    "magic-string@0.30.17": {
      "integrity": "sha512-sNPKHvyjVf7gyjwS4xGTaW/mCnF8wnjtifKBEhxfZ7E/S8tQ0rssrwGNn6q8JH/ohItJfSQp9mBtQYuTlH5QnA==",
      "dependencies": [
        "@jridgewell/sourcemap-codec"
      ]
    },
    "mri@1.2.0": {
      "integrity": "sha512-tzzskb3bG8LvYGFF/mDTpq3jpI6Q9wc3LEmBaghu+DdCssd1FakN7Bc0hVNmEyGq1bq3RgfkCb3cmQLpNPOroA=="
    },
    "mrmime@2.0.0": {
      "integrity": "sha512-eu38+hdgojoyq63s+yTpN4XMBdt5l8HhMhc4VKLO9KM5caLIBvUm4thi7fFaxyTmCKeNnXZ5pAlBwCUnhA09uw=="
    },
    "ms@2.1.3": {
      "integrity": "sha512-6FlzubTLZG3J2a/NVCAleEhjzq5oxgHyaCU9yYXvcLsvoVaHJq/s5xXI6/XXP6tz7R9xAOtHnSO/tXtF3WRTlA=="
    },
    "nanoid@3.3.8": {
      "integrity": "sha512-WNLf5Sd8oZxOm+TzppcYk8gVOgP+l58xNy58D0nbUnOxOWRWvlcCV4kUF7ltmI6PsrLl/BgKEyS4mqsGChFN0w=="
    },
    "path-parse@1.0.7": {
      "integrity": "sha512-LDJzPVEEEPR+y48z93A0Ed0yXb8pAByGWo/k5YYdYgpY2/2EsOsksJrq7lOHxryrVOn1ejG6oAp8ahvOIQD8sw=="
    },
    "picocolors@1.1.1": {
      "integrity": "sha512-xceH2snhtb5M9liqDsmEw56le376mTZkEX/jEb/RxNFyegNul7eNslCXP9FDj/Lcu0X8KEyMceP2ntpaHrDEVA=="
    },
    "picomatch@4.0.2": {
      "integrity": "sha512-M7BAV6Rlcy5u+m6oPhAPFgJTzAioX/6B0DxyvDlo9l8+T3nLKbrczg2WLUyzd45L8RqfUMyGPzekbMvX2Ldkwg=="
    },
    "postcss@8.5.1": {
      "integrity": "sha512-6oz2beyjc5VMn/KV1pPw8fliQkhBXrVn1Z3TVyqZxU8kZpzEKhBdmCFqI6ZbmGtamQvQGuU1sgPTk8ZrXDD7jQ==",
      "dependencies": [
        "nanoid",
        "picocolors",
        "source-map-js"
      ]
    },
    "readdirp@4.1.1": {
      "integrity": "sha512-h80JrZu/MHUZCyHu5ciuoI0+WxsCxzxJTILn6Fs8rxSnFPh+UVHYfeIxK1nVGugMqkfC4vJcBOYbkfkwYK0+gw=="
    },
    "resolve@1.22.10": {
      "integrity": "sha512-NPRy+/ncIMeDlTAsuqwKIiferiawhefFJtkNSW0qZJEqMEb+qBt/77B/jGeeek+F0uOeN05CDa6HXbbIgtVX4w==",
      "dependencies": [
        "is-core-module",
        "path-parse",
        "supports-preserve-symlinks-flag"
      ]
    },
    "rollup@4.34.0": {
      "integrity": "sha512-+4C/cgJ9w6sudisA0nZz0+O7lTP9a3CzNLsoDwaRumM8QHwghUsu6tqHXiTmNUp/rqNiM14++7dkzHDyCRs0Jg==",
      "dependencies": [
        "@rollup/rollup-android-arm-eabi",
        "@rollup/rollup-android-arm64",
        "@rollup/rollup-darwin-arm64",
        "@rollup/rollup-darwin-x64",
        "@rollup/rollup-freebsd-arm64",
        "@rollup/rollup-freebsd-x64",
        "@rollup/rollup-linux-arm-gnueabihf",
        "@rollup/rollup-linux-arm-musleabihf",
        "@rollup/rollup-linux-arm64-gnu",
        "@rollup/rollup-linux-arm64-musl",
        "@rollup/rollup-linux-loongarch64-gnu",
        "@rollup/rollup-linux-powerpc64le-gnu",
        "@rollup/rollup-linux-riscv64-gnu",
        "@rollup/rollup-linux-s390x-gnu",
        "@rollup/rollup-linux-x64-gnu",
        "@rollup/rollup-linux-x64-musl",
        "@rollup/rollup-win32-arm64-msvc",
        "@rollup/rollup-win32-ia32-msvc",
        "@rollup/rollup-win32-x64-msvc",
        "@types/estree",
        "fsevents"
      ]
    },
    "sade@1.8.1": {
      "integrity": "sha512-xal3CZX1Xlo/k4ApwCFrHVACi9fBqJ7V+mwhBsuf/1IOKbBy098Fex+Wa/5QMubw09pSZ/u8EY8PWgevJsXp1A==",
      "dependencies": [
        "mri"
      ]
    },
    "set-cookie-parser@2.7.1": {
      "integrity": "sha512-IOc8uWeOZgnb3ptbCURJWNjWUPcO3ZnTTdzsurqERrP6nPyv+paC55vJM0LpOlT2ne+Ix+9+CRG1MNLlyZ4GjQ=="
    },
    "sirv@3.0.0": {
      "integrity": "sha512-BPwJGUeDaDCHihkORDchNyyTvWFhcusy1XMmhEVTQTwGeybFbp8YEmB+njbPnth1FibULBSBVwCQni25XlCUDg==",
      "dependencies": [
        "@polka/url",
        "mrmime",
        "totalist"
      ]
    },
    "source-map-js@1.2.1": {
      "integrity": "sha512-UXWMKhLOwVKb728IUtQPXxfYU+usdybtUrK/8uGE8CQMvrhOpwvzDBwj0QhSL7MQc7vIsISBG8VQ8+IDQxpfQA=="
    },
    "supports-preserve-symlinks-flag@1.0.0": {
      "integrity": "sha512-ot0WnXS9fgdkgIcePe6RHNk1WA8+muPa6cSjeR3V8K27q9BB1rTE3R1p7Hv0z1ZyAc8s6Vvv8DIyWf681MAt0w=="
    },
    "svelte-check@4.1.4_svelte@5.19.6__acorn@8.14.0_typescript@5.7.3": {
      "integrity": "sha512-v0j7yLbT29MezzaQJPEDwksybTE2Ups9rUxEXy92T06TiA0cbqcO8wAOwNUVkFW6B0hsYHA+oAX3BS8b/2oHtw==",
      "dependencies": [
        "@jridgewell/trace-mapping",
        "chokidar",
        "fdir@6.4.3",
        "picocolors",
        "sade",
        "svelte",
        "typescript"
      ]
    },
    "svelte@5.19.6_acorn@8.14.0": {
      "integrity": "sha512-6ydekB3qyqUal+UhfMjmVOjRGtxysR8vuiMhi2nwuBtPJWnctVlsGspjVFB05qmR+TXI1emuqtZt81c0XiFleA==",
      "dependencies": [
        "@ampproject/remapping",
        "@jridgewell/sourcemap-codec",
        "@types/estree",
        "acorn",
        "acorn-typescript",
        "aria-query",
        "axobject-query",
        "clsx",
        "esm-env",
        "esrap",
        "is-reference@3.0.3",
        "locate-character",
        "magic-string",
        "zimmerframe"
      ]
    },
    "totalist@3.0.1": {
      "integrity": "sha512-sf4i37nQ2LBx4m3wB74y+ubopq6W/dIzXg0FDGjsYnZHVa1Da8FH853wlL2gtUhg+xJXjfk3kUZS3BRoQeoQBQ=="
    },
    "typescript@5.7.3": {
      "integrity": "sha512-84MVSjMEHP+FQRPy3pX9sTVV/INIex71s9TL2Gm5FG/WG1SqXeKyZ0k7/blY/4FdOzI12CBy1vGc4og/eus0fw=="
    },
    "vite@5.4.14": {
      "integrity": "sha512-EK5cY7Q1D8JNhSaPKVK4pwBFvaTmZxEnoKXLG/U9gmdDcihQGNzFlgIvaxezFR4glP1LsuiedwMBqCXH3wZccA==",
      "dependencies": [
        "esbuild",
        "fsevents",
        "postcss",
        "rollup"
      ]
    },
    "vitefu@1.0.5_vite@5.4.14": {
      "integrity": "sha512-h4Vflt9gxODPFNGPwp4zAMZRpZR7eslzwH2c5hn5kNZ5rhnKyRJ50U+yGCdc2IRaBs8O4haIgLNGrV5CrpMsCA==",
      "dependencies": [
        "vite"
      ]
    },
    "zimmerframe@1.1.2": {
      "integrity": "sha512-rAbqEGa8ovJy4pyBxZM70hg4pE6gDgaQ0Sl9M3enG3I0d6H4XSAM3GeNGLKnsBpuijUow064sf7ww1nutC5/3w=="
    }
  },
  "workspace": {
    "packageJson": {
      "dependencies": [
        "npm:@fontsource/fira-mono@5",
        "npm:@neoconfetti/svelte@2",
        "npm:@sveltejs/adapter-node@^5.2.12",
        "npm:@sveltejs/kit@2",
        "npm:@sveltejs/vite-plugin-svelte@4",
        "npm:@types/deno@2",
        "npm:svelte-check@4",
        "npm:svelte@5",
        "npm:typescript@5",
        "npm:vite@^5.0.3"
      ]
    }
  }
}
